{
  "name": "wbsockets",
  "version": "1.0.0",
  "lockfileVersion": 2,
  "requires": true,
  "packages": {
    "": {
      "name": "wbsockets",
      "version": "1.0.0",
      "license": "ISC",
      "dependencies": {
        "systeminformation": "^5.22.7",
        "ws": "^8.16.0"
      }
    },
    "node_modules/systeminformation": {
      "version": "5.22.7",
      "resolved": "https://registry.npmjs.org/systeminformation/-/systeminformation-5.22.7.tgz",
      "integrity": "sha512-AWxlP05KeHbpGdgvZkcudJpsmChc2Y5Eo/GvxG/iUA/Aws5LZKHAMSeAo+V+nD+nxWZaxrwpWcnx4SH3oxNL3A==",
      "os": [
        "darwin",
        "linux",
        "win32",
        "freebsd",
        "openbsd",
        "netbsd",
        "sunos",
        "android"
      ],
      "bin": {
        "systeminformation": "lib/cli.js"
      },
      "engines": {
        "node": ">=8.0.0"
      },
      "funding": {
        "type": "Buy me a coffee",
        "url": "https://www.buymeacoffee.com/systeminfo"
      }
    },
    "node_modules/ws": {
      "version": "8.16.0",
      "resolved": "https://registry.npmjs.org/ws/-/ws-8.16.0.tgz",
      "integrity": "sha512-HS0c//TP7Ina87TfiPUz1rQzMhHrl/SG2guqRcTOIUYD2q8uhUdNHZYJUaQ8aTGPzCh+c6oawMKW35nFl1dxyQ==",
      "engines": {
        "node": ">=10.0.0"
      },
      "peerDependencies": {
        "bufferutil": "^4.0.1",
        "utf-8-validate": ">=5.0.2"
      },
      "peerDependenciesMeta": {
        "bufferutil": {
          "optional": true
        },
        "utf-8-validate": {
          "optional": true
        }
      }
    }
  },
  "dependencies": {
    "systeminformation": {
      "version": "5.22.7",
      "resolved": "https://registry.npmjs.org/systeminformation/-/systeminformation-5.22.7.tgz",
      "integrity": "sha512-AWxlP05KeHbpGdgvZkcudJpsmChc2Y5Eo/GvxG/iUA/Aws5LZKHAMSeAo+V+nD+nxWZaxrwpWcnx4SH3oxNL3A=="
    },
    "ws": {
      "version": "8.16.0",
      "resolved": "https://registry.npmjs.org/ws/-/ws-8.16.0.tgz",
      "integrity": "sha512-HS0c//TP7Ina87TfiPUz1rQzMhHrl/SG2guqRcTOIUYD2q8uhUdNHZYJUaQ8aTGPzCh+c6oawMKW35nFl1dxyQ==",
      "requires": {}
    }
  }
}
